
Microsoft Visual Studio Solution File, Format Version 12.00
# Visual Studio Version 17
VisualStudioVersion = 17.8.34525.116
MinimumVisualStudioVersion = 10.0.40219.1
Project("{FAE04EC0-301F-11D3-BF4B-00C04F79EFBC}") = "Learn_CRUD_CoreWebApp-MVC", "Learn_CRUD_CoreWebApp-MVC.csproj", "{CCD913AC-E4A0-4000-A3F3-C74EC37D05B4}"
EndProject
Global
	GlobalSection(SolutionConfigurationPlatforms) = preSolution
		Debug|Any CPU = Debug|Any CPU
		Release|Any CPU = Release|Any CPU
	EndGlobalSection
	GlobalSection(ProjectConfigurationPlatforms) = postSolution
		{CCD913AC-E4A0-4000-A3F3-C74EC37D05B4}.Debug|Any CPU.ActiveCfg = Debug|Any CPU
		{CCD913AC-E4A0-4000-A3F3-C74EC37D05B4}.Debug|Any CPU.Build.0 = Debug|Any CPU
		{CCD913AC-E4A0-4000-A3F3-C74EC37D05B4}.Release|Any CPU.ActiveCfg = Release|Any CPU
		{CCD913AC-E4A0-4000-A3F3-C74EC37D05B4}.Release|Any CPU.Build.0 = Release|Any CPU
	EndGlobalSection
	GlobalSection(SolutionProperties) = preSolution
		HideSolutionNode = FALSE
	EndGlobalSection
	GlobalSection(ExtensibilityGlobals) = postSolution
		SolutionGuid = {DCA7E345-012D-4833-A038-638E9FEF38EE}
	EndGlobalSection
EndGlobal
